{
  "lockfileVersion": 2,
  "configVersion": 1,
  "workspaces": {
    "": {
      "name": "noteblock-pianola",
      "dependencies": {
        "three": "0.169.0",
      },
    },
  },
  "packages": {
    "three": ["three@0.169.0", "", {}, "sha512-Ed906MA3dR4TS5riErd4QBsRGPcx+HBDX2O5yYE5GqJeFQTPU+M56Va/f/Oph9X7uZo3W3o4l2ZhBZ6f6qUv0w=="],
  }
}
